<Solution>
  <Folder Name="/Solution Items/">
    <File Path="README.md" />
  </Folder>
  <Project Path="EPLAN-ADDIN-TUTORIAL/EPLAN_ADDIN_TUTORIAL.csproj" Id="457254dc-0dfb-4955-90e6-11b49c00ec55" />
  <Project Path="EPLAN-REMOTE/EPLAN_REMOTE.csproj" />
  <Project Path="EPLAN-SCRIPT-TUTORIAL/EPLAN_SCRIPT_TUTORIAL.csproj" Id="776bf2f4-44d6-4f5e-9747-d1002e1a9b13" />
</Solution>
